// !$*UTF8*$!
{
	archiveVersion = 1;
	classes = {
	};
	objectVersion = 77;
	objects = {

/* Begin PBXBuildFile section */
		250E61BA2CB59E33002E48AB /* OllamaKit in Frameworks */ = {isa = PBXBuildFile; productRef = 250E61B92CB59E33002E48AB /* OllamaKit */; };
		250E61BC2CB5A275002E48AB /* SummaryService.swift in Sources */ = {isa = PBXBuildFile; fileRef = 250E61BB2CB5A272002E48AB /* SummaryService.swift */; };
		253A004F2CD6D32B00C86C17 /* AudioExtractor.swift in Sources */ = {isa = PBXBuildFile; fileRef = 253A004E2CD6D32800C86C17 /* AudioExtractor.swift */; };
		253A00522CD6D36600C86C17 /* AVFoundation.framework in Frameworks */ = {isa = PBXBuildFile; fileRef = 253A00512CD6D36600C86C17 /* AVFoundation.framework */; };
		256D31182CB186AF008612AF /* AboutView.swift in Sources */ = {isa = PBXBuildFile; fileRef = 256D31172CB186AD008612AF /* AboutView.swift */; };
		256D311A2CB18740008612AF /* AppDelegate.swift in Sources */ = {isa = PBXBuildFile; fileRef = 256D31192CB1873D008612AF /* AppDelegate.swift */; };
		256D311C2CB18AC4008612AF /* LaunchScreenView.swift in Sources */ = {isa = PBXBuildFile; fileRef = 256D311B2CB18AC1008612AF /* LaunchScreenView.swift */; };
		256D312D2CB217B6008612AF /* AppState.swift in Sources */ = {isa = PBXBuildFile; fileRef = 256D312C2CB217B2008612AF /* AppState.swift */; };
		2575009B2CB9DF2F00CAD5B9 /* WhisperKit in Frameworks */ = {isa = PBXBuildFile; productRef = 2575009A2CB9DF2F00CAD5B9 /* WhisperKit */; };
		257500BF2CBC5F6E00CAD5B9 /* LLMChatOpenAI in Frameworks */ = {isa = PBXBuildFile; productRef = 257500BE2CBC5F6E00CAD5B9 /* LLMChatOpenAI */; };
		257500C22CBC5FA700CAD5B9 /* LLMChatAnthropic in Frameworks */ = {isa = PBXBuildFile; productRef = 257500C12CBC5FA700CAD5B9 /* LLMChatAnthropic */; };
		257500C42CBC627600CAD5B9 /* LLMService.swift in Sources */ = {isa = PBXBuildFile; fileRef = 257500C32CBC627100CAD5B9 /* LLMService.swift */; };
		257500C62CBC628C00CAD5B9 /* OllamaSummaryService.swift in Sources */ = {isa = PBXBuildFile; fileRef = 257500C52CBC628A00CAD5B9 /* OllamaSummaryService.swift */; };
		257500C82CBC62C200CAD5B9 /* AnthropicSummaryService.swift in Sources */ = {isa = PBXBuildFile; fileRef = 257500C72CBC62AD00CAD5B9 /* AnthropicSummaryService.swift */; };
		257500CA2CBC62D800CAD5B9 /* OpenAISummaryService.swift in Sources */ = {isa = PBXBuildFile; fileRef = 257500C92CBC62D700CAD5B9 /* OpenAISummaryService.swift */; };
		2592D6752CC5B3D6003A4CBE /* Prompt.swift in Sources */ = {isa = PBXBuildFile; fileRef = 2592D6742CC5B3D3003A4CBE /* Prompt.swift */; };
		2595A2632CAFA831001E57FF /* TranscriptionStatus.swift in Sources */ = {isa = PBXBuildFile; fileRef = 2595A2622CAFA82D001E57FF /* TranscriptionStatus.swift */; };
		2595A2672CAFA9A9001E57FF /* NavigationStateManager.swift in Sources */ = {isa = PBXBuildFile; fileRef = 2595A2662CAFA9A1001E57FF /* NavigationStateManager.swift */; };
		2595A2692CB034DD001E57FF /* ExportManager.swift in Sources */ = {isa = PBXBuildFile; fileRef = 2595A2682CB034D9001E57FF /* ExportManager.swift */; };
		2595A26B2CB035DC001E57FF /* ExportOptionsView.swift in Sources */ = {isa = PBXBuildFile; fileRef = 2595A26A2CB035D8001E57FF /* ExportOptionsView.swift */; };
		2595A26D2CB0B73E001E57FF /* ErrorView.swift in Sources */ = {isa = PBXBuildFile; fileRef = 2595A26C2CB0B73B001E57FF /* ErrorView.swift */; };
		2595A26F2CB0B762001E57FF /* NotificationView.swift in Sources */ = {isa = PBXBuildFile; fileRef = 2595A26E2CB0B758001E57FF /* NotificationView.swift */; };
		2595A2712CB0B774001E57FF /* ToastView.swift in Sources */ = {isa = PBXBuildFile; fileRef = 2595A2702CB0B767001E57FF /* ToastView.swift */; };
		2595A2752CB0B797001E57FF /* NotificationManager.swift in Sources */ = {isa = PBXBuildFile; fileRef = 2595A2742CB0B795001E57FF /* NotificationManager.swift */; };
		259B0E3B2CAF8F420050F2DD /* SummariesApp.swift in Sources */ = {isa = PBXBuildFile; fileRef = 259B0E392CAF8F420050F2DD /* SummariesApp.swift */; };
		259B0E3C2CAF8F420050F2DD /* MainWindowView.swift in Sources */ = {isa = PBXBuildFile; fileRef = 259B0E372CAF8F420050F2DD /* MainWindowView.swift */; };
		259B0E3E2CAF8F420050F2DD /* Assets.xcassets in Resources */ = {isa = PBXBuildFile; fileRef = 259B0E362CAF8F420050F2DD /* Assets.xcassets */; };
		25C0C7722CB2C86F00294099 /* TranscriptionService.swift in Sources */ = {isa = PBXBuildFile; fileRef = 25C0C7712CB2C86F00294099 /* TranscriptionService.swift */; };
		25C0C7742CB2C95300294099 /* TranscriptionManager.swift in Sources */ = {isa = PBXBuildFile; fileRef = 25C0C7732CB2C95300294099 /* TranscriptionManager.swift */; };
		25C6903B2CAFA4500062D4E8 /* FileSelectionView.swift in Sources */ = {isa = PBXBuildFile; fileRef = 25C6903A2CAFA4500062D4E8 /* FileSelectionView.swift */; };
		25C6903D2CAFA5400062D4E8 /* TranscriptionView.swift in Sources */ = {isa = PBXBuildFile; fileRef = 25C6903C2CAFA5400062D4E8 /* TranscriptionView.swift */; };
		25C6903F2CAFA55E0062D4E8 /* SummaryView.swift in Sources */ = {isa = PBXBuildFile; fileRef = 25C6903E2CAFA55E0062D4E8 /* SummaryView.swift */; };
		25C690412CAFA56C0062D4E8 /* SettingsView.swift in Sources */ = {isa = PBXBuildFile; fileRef = 25C690402CAFA56C0062D4E8 /* SettingsView.swift */; };
		25C690432CAFA5760062D4E8 /* WelcomeView.swift in Sources */ = {isa = PBXBuildFile; fileRef = 25C690422CAFA5760062D4E8 /* WelcomeView.swift */; };
		25C690452CAFA5AB0062D4E8 /* NavigationItem.swift in Sources */ = {isa = PBXBuildFile; fileRef = 25C690442CAFA5AB0062D4E8 /* NavigationItem.swift */; };
		25C690472CAFA5E70062D4E8 /* SidebarView.swift in Sources */ = {isa = PBXBuildFile; fileRef = 25C690462CAFA5E70062D4E8 /* SidebarView.swift */; };
		25DC96BB2CCD492C0057A4BB /* AIModelRetriever in Frameworks */ = {isa = PBXBuildFile; productRef = 25DC96BA2CCD492C0057A4BB /* AIModelRetriever */; };
		25DC96FE2CCDBDEC0057A4BB /* MarkdownUI in Frameworks */ = {isa = PBXBuildFile; productRef = 25DC96FD2CCDBDEC0057A4BB /* MarkdownUI */; };
		25DC97262CD0448A0057A4BB /* Teams.swift in Sources */ = {isa = PBXBuildFile; fileRef = 25DC97252CD044880057A4BB /* Teams.swift */; };
		25DC97292CD0464D0057A4BB /* MSAL in Frameworks */ = {isa = PBXBuildFile; productRef = 25DC97282CD0464D0057A4BB /* MSAL */; };
/* End PBXBuildFile section */

/* Begin PBXFileReference section */
		250E61BB2CB5A272002E48AB /* SummaryService.swift */ = {isa = PBXFileReference; lastKnownFileType = sourcecode.swift; path = SummaryService.swift; sourceTree = "<group>"; };
		253A004E2CD6D32800C86C17 /* AudioExtractor.swift */ = {isa = PBXFileReference; lastKnownFileType = sourcecode.swift; path = AudioExtractor.swift; sourceTree = "<group>"; };
		253A00512CD6D36600C86C17 /* AVFoundation.framework */ = {isa = PBXFileReference; lastKnownFileType = wrapper.framework; name = AVFoundation.framework; path = System/Library/Frameworks/AVFoundation.framework; sourceTree = SDKROOT; };
		255072212CAF5E8D0099CFB4 /* README.md */ = {isa = PBXFileReference; lastKnownFileType = net.daringfireball.markdown; path = README.md; sourceTree = "<group>"; };
		256D31172CB186AD008612AF /* AboutView.swift */ = {isa = PBXFileReference; lastKnownFileType = sourcecode.swift; path = AboutView.swift; sourceTree = "<group>"; };
		256D31192CB1873D008612AF /* AppDelegate.swift */ = {isa = PBXFileReference; lastKnownFileType = sourcecode.swift; path = AppDelegate.swift; sourceTree = "<group>"; };
		256D311B2CB18AC1008612AF /* LaunchScreenView.swift */ = {isa = PBXFileReference; lastKnownFileType = sourcecode.swift; path = LaunchScreenView.swift; sourceTree = "<group>"; };
		256D311F2CB19215008612AF /* LICENSE.md */ = {isa = PBXFileReference; lastKnownFileType = net.daringfireball.markdown; path = LICENSE.md; sourceTree = "<group>"; };
		256D31212CB192C3008612AF /* SECURITY.md */ = {isa = PBXFileReference; lastKnownFileType = net.daringfireball.markdown; path = SECURITY.md; sourceTree = "<group>"; };
		256D31232CB192FF008612AF /* CONTRIBUTING.md */ = {isa = PBXFileReference; lastKnownFileType = net.daringfireball.markdown; path = CONTRIBUTING.md; sourceTree = "<group>"; };
		256D31252CB1934B008612AF /* CODE_OF_CONDUCT.md */ = {isa = PBXFileReference; lastKnownFileType = net.daringfireball.markdown; path = CODE_OF_CONDUCT.md; sourceTree = "<group>"; };
		256D312C2CB217B2008612AF /* AppState.swift */ = {isa = PBXFileReference; lastKnownFileType = sourcecode.swift; path = AppState.swift; sourceTree = "<group>"; };
		257500C32CBC627100CAD5B9 /* LLMService.swift */ = {isa = PBXFileReference; lastKnownFileType = sourcecode.swift; path = LLMService.swift; sourceTree = "<group>"; };
		257500C52CBC628A00CAD5B9 /* OllamaSummaryService.swift */ = {isa = PBXFileReference; lastKnownFileType = sourcecode.swift; path = OllamaSummaryService.swift; sourceTree = "<group>"; };
		257500C72CBC62AD00CAD5B9 /* AnthropicSummaryService.swift */ = {isa = PBXFileReference; lastKnownFileType = sourcecode.swift; path = AnthropicSummaryService.swift; sourceTree = "<group>"; };
		257500C92CBC62D700CAD5B9 /* OpenAISummaryService.swift */ = {isa = PBXFileReference; lastKnownFileType = sourcecode.swift; path = OpenAISummaryService.swift; sourceTree = "<group>"; };
		25805B072CAF5791005E7456 /* 42Summaries.app */ = {isa = PBXFileReference; explicitFileType = wrapper.application; includeInIndex = 0; path = 42Summaries.app; sourceTree = BUILT_PRODUCTS_DIR; };
		2592D6742CC5B3D3003A4CBE /* Prompt.swift */ = {isa = PBXFileReference; lastKnownFileType = sourcecode.swift; path = Prompt.swift; sourceTree = "<group>"; };
		2595A2622CAFA82D001E57FF /* TranscriptionStatus.swift */ = {isa = PBXFileReference; lastKnownFileType = sourcecode.swift; path = TranscriptionStatus.swift; sourceTree = "<group>"; };
		2595A2662CAFA9A1001E57FF /* NavigationStateManager.swift */ = {isa = PBXFileReference; lastKnownFileType = sourcecode.swift; path = NavigationStateManager.swift; sourceTree = "<group>"; };
		2595A2682CB034D9001E57FF /* ExportManager.swift */ = {isa = PBXFileReference; lastKnownFileType = sourcecode.swift; path = ExportManager.swift; sourceTree = "<group>"; };
		2595A26A2CB035D8001E57FF /* ExportOptionsView.swift */ = {isa = PBXFileReference; lastKnownFileType = sourcecode.swift; path = ExportOptionsView.swift; sourceTree = "<group>"; };
		2595A26C2CB0B73B001E57FF /* ErrorView.swift */ = {isa = PBXFileReference; lastKnownFileType = sourcecode.swift; path = ErrorView.swift; sourceTree = "<group>"; };
		2595A26E2CB0B758001E57FF /* NotificationView.swift */ = {isa = PBXFileReference; lastKnownFileType = sourcecode.swift; path = NotificationView.swift; sourceTree = "<group>"; };
		2595A2702CB0B767001E57FF /* ToastView.swift */ = {isa = PBXFileReference; lastKnownFileType = sourcecode.swift; path = ToastView.swift; sourceTree = "<group>"; };
		2595A2742CB0B795001E57FF /* NotificationManager.swift */ = {isa = PBXFileReference; lastKnownFileType = sourcecode.swift; path = NotificationManager.swift; sourceTree = "<group>"; };
		259B0E362CAF8F420050F2DD /* Assets.xcassets */ = {isa = PBXFileReference; lastKnownFileType = folder.assetcatalog; path = Assets.xcassets; sourceTree = "<group>"; };
		259B0E372CAF8F420050F2DD /* MainWindowView.swift */ = {isa = PBXFileReference; lastKnownFileType = sourcecode.swift; path = MainWindowView.swift; sourceTree = "<group>"; };
		259B0E392CAF8F420050F2DD /* SummariesApp.swift */ = {isa = PBXFileReference; lastKnownFileType = sourcecode.swift; path = SummariesApp.swift; sourceTree = "<group>"; };
		25C0C7712CB2C86F00294099 /* TranscriptionService.swift */ = {isa = PBXFileReference; lastKnownFileType = sourcecode.swift; path = TranscriptionService.swift; sourceTree = "<group>"; };
		25C0C7732CB2C95300294099 /* TranscriptionManager.swift */ = {isa = PBXFileReference; lastKnownFileType = sourcecode.swift; path = TranscriptionManager.swift; sourceTree = "<group>"; };
		25C6903A2CAFA4500062D4E8 /* FileSelectionView.swift */ = {isa = PBXFileReference; lastKnownFileType = sourcecode.swift; path = FileSelectionView.swift; sourceTree = "<group>"; };
		25C6903C2CAFA5400062D4E8 /* TranscriptionView.swift */ = {isa = PBXFileReference; lastKnownFileType = sourcecode.swift; path = TranscriptionView.swift; sourceTree = "<group>"; };
		25C6903E2CAFA55E0062D4E8 /* SummaryView.swift */ = {isa = PBXFileReference; lastKnownFileType = sourcecode.swift; path = SummaryView.swift; sourceTree = "<group>"; };
		25C690402CAFA56C0062D4E8 /* SettingsView.swift */ = {isa = PBXFileReference; lastKnownFileType = sourcecode.swift; path = SettingsView.swift; sourceTree = "<group>"; };
		25C690422CAFA5760062D4E8 /* WelcomeView.swift */ = {isa = PBXFileReference; lastKnownFileType = sourcecode.swift; path = WelcomeView.swift; sourceTree = "<group>"; };
		25C690442CAFA5AB0062D4E8 /* NavigationItem.swift */ = {isa = PBXFileReference; lastKnownFileType = sourcecode.swift; path = NavigationItem.swift; sourceTree = "<group>"; };
		25C690462CAFA5E70062D4E8 /* SidebarView.swift */ = {isa = PBXFileReference; lastKnownFileType = sourcecode.swift; path = SidebarView.swift; sourceTree = "<group>"; };
		25DC97252CD044880057A4BB /* Teams.swift */ = {isa = PBXFileReference; lastKnownFileType = sourcecode.swift; path = Teams.swift; sourceTree = "<group>"; };
/* End PBXFileReference section */

/* Begin PBXFileSystemSynchronizedRootGroup section */
		2575009C2CBBFDBF00CAD5B9 /* embeded_models */ = {
			isa = PBXFileSystemSynchronizedRootGroup;
			path = embeded_models;
			sourceTree = "<group>";
		};
/* End PBXFileSystemSynchronizedRootGroup section */

/* Begin PBXFrameworksBuildPhase section */
		25805B042CAF5791005E7456 /* Frameworks */ = {
			isa = PBXFrameworksBuildPhase;
			buildActionMask = 2147483647;
			files = (
				253A00522CD6D36600C86C17 /* AVFoundation.framework in Frameworks */,
				2575009B2CB9DF2F00CAD5B9 /* WhisperKit in Frameworks */,
				25DC97292CD0464D0057A4BB /* MSAL in Frameworks */,
				257500C22CBC5FA700CAD5B9 /* LLMChatAnthropic in Frameworks */,
				250E61BA2CB59E33002E48AB /* OllamaKit in Frameworks */,
				25DC96FE2CCDBDEC0057A4BB /* MarkdownUI in Frameworks */,
				257500BF2CBC5F6E00CAD5B9 /* LLMChatOpenAI in Frameworks */,
				25DC96BB2CCD492C0057A4BB /* AIModelRetriever in Frameworks */,
			);
			runOnlyForDeploymentPostprocessing = 0;
		};
/* End PBXFrameworksBuildPhase section */

/* Begin PBXGroup section */
		253A00502CD6D36600C86C17 /* Frameworks */ = {
			isa = PBXGroup;
			children = (
				253A00512CD6D36600C86C17 /* AVFoundation.framework */,
			);
			name = Frameworks;
			sourceTree = "<group>";
		};
		25805AFE2CAF5791005E7456 = {
			isa = PBXGroup;
			children = (
				259B0E3A2CAF8F420050F2DD /* 42Summaries */,
				256D31252CB1934B008612AF /* CODE_OF_CONDUCT.md */,
				256D31232CB192FF008612AF /* CONTRIBUTING.md */,
				256D311F2CB19215008612AF /* LICENSE.md */,
				25805B082CAF5791005E7456 /* Products */,
				255072212CAF5E8D0099CFB4 /* README.md */,
				256D31212CB192C3008612AF /* SECURITY.md */,
				253A00502CD6D36600C86C17 /* Frameworks */,
			);
			sourceTree = "<group>";
		};
		25805B082CAF5791005E7456 /* Products */ = {
			isa = PBXGroup;
			children = (
				25805B072CAF5791005E7456 /* 42Summaries.app */,
			);
			name = Products;
			sourceTree = "<group>";
		};
		259B0E2F2CAF8F420050F2DD /* Models */ = {
			isa = PBXGroup;
			children = (
				2592D6742CC5B3D3003A4CBE /* Prompt.swift */,
				25C690442CAFA5AB0062D4E8 /* NavigationItem.swift */,
				2595A2622CAFA82D001E57FF /* TranscriptionStatus.swift */,
			);
			path = Models;
			sourceTree = "<group>";
		};
		259B0E322CAF8F420050F2DD /* Services */ = {
			isa = PBXGroup;
			children = (
				257500C92CBC62D700CAD5B9 /* OpenAISummaryService.swift */,
				257500C72CBC62AD00CAD5B9 /* AnthropicSummaryService.swift */,
				257500C52CBC628A00CAD5B9 /* OllamaSummaryService.swift */,
				257500C32CBC627100CAD5B9 /* LLMService.swift */,
				250E61BB2CB5A272002E48AB /* SummaryService.swift */,
				25C0C7732CB2C95300294099 /* TranscriptionManager.swift */,
				25C0C7712CB2C86F00294099 /* TranscriptionService.swift */,
			);
			path = Services;
			sourceTree = "<group>";
		};
		259B0E332CAF8F420050F2DD /* Utilities */ = {
			isa = PBXGroup;
			children = (
				253A004E2CD6D32800C86C17 /* AudioExtractor.swift */,
				25DC97252CD044880057A4BB /* Teams.swift */,
				2595A2682CB034D9001E57FF /* ExportManager.swift */,
				2595A2662CAFA9A1001E57FF /* NavigationStateManager.swift */,
				2595A2742CB0B795001E57FF /* NotificationManager.swift */,
			);
			path = Utilities;
			sourceTree = "<group>";
		};
		259B0E352CAF8F420050F2DD /* Views */ = {
			isa = PBXGroup;
			children = (
				256D31172CB186AD008612AF /* AboutView.swift */,
				2595A26C2CB0B73B001E57FF /* ErrorView.swift */,
				2595A26A2CB035D8001E57FF /* ExportOptionsView.swift */,
				25C6903A2CAFA4500062D4E8 /* FileSelectionView.swift */,
				256D311B2CB18AC1008612AF /* LaunchScreenView.swift */,
				2595A26E2CB0B758001E57FF /* NotificationView.swift */,
				25C690402CAFA56C0062D4E8 /* SettingsView.swift */,
				25C690462CAFA5E70062D4E8 /* SidebarView.swift */,
				25C6903E2CAFA55E0062D4E8 /* SummaryView.swift */,
				2595A2702CB0B767001E57FF /* ToastView.swift */,
				25C6903C2CAFA5400062D4E8 /* TranscriptionView.swift */,
				25C690422CAFA5760062D4E8 /* WelcomeView.swift */,
			);
			path = Views;
			sourceTree = "<group>";
		};
		259B0E3A2CAF8F420050F2DD /* 42Summaries */ = {
			isa = PBXGroup;
			children = (
				2575009C2CBBFDBF00CAD5B9 /* embeded_models */,
				256D31192CB1873D008612AF /* AppDelegate.swift */,
				256D312C2CB217B2008612AF /* AppState.swift */,
				259B0E362CAF8F420050F2DD /* Assets.xcassets */,
				259B0E372CAF8F420050F2DD /* MainWindowView.swift */,
				259B0E2F2CAF8F420050F2DD /* Models */,
				259B0E322CAF8F420050F2DD /* Services */,
				259B0E392CAF8F420050F2DD /* SummariesApp.swift */,
				259B0E332CAF8F420050F2DD /* Utilities */,
				259B0E352CAF8F420050F2DD /* Views */,
			);
			path = 42Summaries;
			sourceTree = "<group>";
		};
/* End PBXGroup section */

/* Begin PBXNativeTarget section */
		25805B062CAF5791005E7456 /* 42Summaries */ = {
			isa = PBXNativeTarget;
			buildConfigurationList = 25805B162CAF5792005E7456 /* Build configuration list for PBXNativeTarget "42Summaries" */;
			buildPhases = (
				25805B032CAF5791005E7456 /* Sources */,
				25805B042CAF5791005E7456 /* Frameworks */,
				25805B052CAF5791005E7456 /* Resources */,
			);
			buildRules = (
			);
			dependencies = (
			);
			fileSystemSynchronizedGroups = (
				2575009C2CBBFDBF00CAD5B9 /* embeded_models */,
			);
			name = 42Summaries;
			packageProductDependencies = (
				250E61B92CB59E33002E48AB /* OllamaKit */,
				2575009A2CB9DF2F00CAD5B9 /* WhisperKit */,
				257500BE2CBC5F6E00CAD5B9 /* LLMChatOpenAI */,
				257500C12CBC5FA700CAD5B9 /* LLMChatAnthropic */,
				25DC96BA2CCD492C0057A4BB /* AIModelRetriever */,
				25DC96FD2CCDBDEC0057A4BB /* MarkdownUI */,
				25DC97282CD0464D0057A4BB /* MSAL */,
			);
			productName = SevenSummaries;
			productReference = 25805B072CAF5791005E7456 /* 42Summaries.app */;
			productType = "com.apple.product-type.application";
		};
/* End PBXNativeTarget section */

/* Begin PBXProject section */
		25805AFF2CAF5791005E7456 /* Project object */ = {
			isa = PBXProject;
			attributes = {
				BuildIndependentTargetsInParallel = 1;
				LastSwiftUpdateCheck = 1600;
				LastUpgradeCheck = 1600;
				TargetAttributes = {
					25805B062CAF5791005E7456 = {
						CreatedOnToolsVersion = 16.0;
					};
				};
			};
			buildConfigurationList = 25805B022CAF5791005E7456 /* Build configuration list for PBXProject "42Summaries" */;
			developmentRegion = en;
			hasScannedForEncodings = 0;
			knownRegions = (
				en,
				Base,
			);
			mainGroup = 25805AFE2CAF5791005E7456;
			minimizedProjectReferenceProxies = 1;
			packageReferences = (
				250E61B82CB59E33002E48AB /* XCRemoteSwiftPackageReference "OllamaKit" */,
				257500992CB9DF2F00CAD5B9 /* XCRemoteSwiftPackageReference "WhisperKit" */,
				257500BD2CBC5F6E00CAD5B9 /* XCRemoteSwiftPackageReference "swift-llm-chat-openai" */,
				257500C02CBC5FA700CAD5B9 /* XCRemoteSwiftPackageReference "swift-llm-chat-anthropic" */,
				25DC96B92CCD492C0057A4BB /* XCRemoteSwiftPackageReference "swift-ai-model-retriever" */,
				25DC96FC2CCDBDEC0057A4BB /* XCRemoteSwiftPackageReference "swift-markdown-ui" */,
				25DC97272CD0464D0057A4BB /* XCRemoteSwiftPackageReference "microsoft-authentication-library-for-objc" */,
			);
			preferredProjectObjectVersion = 77;
			productRefGroup = 25805B082CAF5791005E7456 /* Products */;
			projectDirPath = "";
			projectRoot = "";
			targets = (
				25805B062CAF5791005E7456 /* 42Summaries */,
			);
		};
/* End PBXProject section */

/* Begin PBXResourcesBuildPhase section */
		25805B052CAF5791005E7456 /* Resources */ = {
			isa = PBXResourcesBuildPhase;
			buildActionMask = 2147483647;
			files = (
				259B0E3E2CAF8F420050F2DD /* Assets.xcassets in Resources */,
			);
			runOnlyForDeploymentPostprocessing = 0;
		};
/* End PBXResourcesBuildPhase section */

/* Begin PBXSourcesBuildPhase section */
		25805B032CAF5791005E7456 /* Sources */ = {
			isa = PBXSourcesBuildPhase;
			buildActionMask = 2147483647;
			files = (
				259B0E3B2CAF8F420050F2DD /* SummariesApp.swift in Sources */,
				2595A2632CAFA831001E57FF /* TranscriptionStatus.swift in Sources */,
				257500CA2CBC62D800CAD5B9 /* OpenAISummaryService.swift in Sources */,
				2595A26D2CB0B73E001E57FF /* ErrorView.swift in Sources */,
				257500C42CBC627600CAD5B9 /* LLMService.swift in Sources */,
				256D312D2CB217B6008612AF /* AppState.swift in Sources */,
				25DC97262CD0448A0057A4BB /* Teams.swift in Sources */,
				25C6903D2CAFA5400062D4E8 /* TranscriptionView.swift in Sources */,
				256D31182CB186AF008612AF /* AboutView.swift in Sources */,
				253A004F2CD6D32B00C86C17 /* AudioExtractor.swift in Sources */,
				25C6903F2CAFA55E0062D4E8 /* SummaryView.swift in Sources */,
				25C690412CAFA56C0062D4E8 /* SettingsView.swift in Sources */,
				2595A26F2CB0B762001E57FF /* NotificationView.swift in Sources */,
				257500C62CBC628C00CAD5B9 /* OllamaSummaryService.swift in Sources */,
				2595A2692CB034DD001E57FF /* ExportManager.swift in Sources */,
				259B0E3C2CAF8F420050F2DD /* MainWindowView.swift in Sources */,
				2595A26B2CB035DC001E57FF /* ExportOptionsView.swift in Sources */,
				2592D6752CC5B3D6003A4CBE /* Prompt.swift in Sources */,
				25C6903B2CAFA4500062D4E8 /* FileSelectionView.swift in Sources */,
				25C690452CAFA5AB0062D4E8 /* NavigationItem.swift in Sources */,
				2595A2672CAFA9A9001E57FF /* NavigationStateManager.swift in Sources */,
				257500C82CBC62C200CAD5B9 /* AnthropicSummaryService.swift in Sources */,
				25C0C7742CB2C95300294099 /* TranscriptionManager.swift in Sources */,
				2595A2752CB0B797001E57FF /* NotificationManager.swift in Sources */,
				25C690472CAFA5E70062D4E8 /* SidebarView.swift in Sources */,
				25C0C7722CB2C86F00294099 /* TranscriptionService.swift in Sources */,
				256D311A2CB18740008612AF /* AppDelegate.swift in Sources */,
				256D311C2CB18AC4008612AF /* LaunchScreenView.swift in Sources */,
				2595A2712CB0B774001E57FF /* ToastView.swift in Sources */,
				250E61BC2CB5A275002E48AB /* SummaryService.swift in Sources */,
				25C690432CAFA5760062D4E8 /* WelcomeView.swift in Sources */,
			);
			runOnlyForDeploymentPostprocessing = 0;
		};
/* End PBXSourcesBuildPhase section */

/* Begin XCBuildConfiguration section */
		25805B142CAF5792005E7456 /* Debug */ = {
			isa = XCBuildConfiguration;
			buildSettings = {
				ALWAYS_SEARCH_USER_PATHS = NO;
				ASSETCATALOG_COMPILER_GENERATE_SWIFT_ASSET_SYMBOL_EXTENSIONS = YES;
				CLANG_ANALYZER_NONNULL = YES;
				CLANG_ANALYZER_NUMBER_OBJECT_CONVERSION = YES_AGGRESSIVE;
				CLANG_CXX_LANGUAGE_STANDARD = "gnu++20";
				CLANG_ENABLE_MODULES = YES;
				CLANG_ENABLE_OBJC_ARC = YES;
				CLANG_ENABLE_OBJC_WEAK = YES;
				CLANG_WARN_BLOCK_CAPTURE_AUTORELEASING = YES;
				CLANG_WARN_BOOL_CONVERSION = YES;
				CLANG_WARN_COMMA = YES;
				CLANG_WARN_CONSTANT_CONVERSION = YES;
				CLANG_WARN_DEPRECATED_OBJC_IMPLEMENTATIONS = YES;
				CLANG_WARN_DIRECT_OBJC_ISA_USAGE = YES_ERROR;
				CLANG_WARN_DOCUMENTATION_COMMENTS = YES;
				CLANG_WARN_EMPTY_BODY = YES;
				CLANG_WARN_ENUM_CONVERSION = YES;
				CLANG_WARN_INFINITE_RECURSION = YES;
				CLANG_WARN_INT_CONVERSION = YES;
				CLANG_WARN_NON_LITERAL_NULL_CONVERSION = YES;
				CLANG_WARN_OBJC_IMPLICIT_RETAIN_SELF = YES;
				CLANG_WARN_OBJC_LITERAL_CONVERSION = YES;
				CLANG_WARN_OBJC_ROOT_CLASS = YES_ERROR;
				CLANG_WARN_QUOTED_INCLUDE_IN_FRAMEWORK_HEADER = YES;
				CLANG_WARN_RANGE_LOOP_ANALYSIS = YES;
				CLANG_WARN_STRICT_PROTOTYPES = YES;
				CLANG_WARN_SUSPICIOUS_MOVE = YES;
				CLANG_WARN_UNGUARDED_AVAILABILITY = YES_AGGRESSIVE;
				CLANG_WARN_UNREACHABLE_CODE = YES;
				CLANG_WARN__DUPLICATE_METHOD_MATCH = YES;
				COPY_PHASE_STRIP = NO;
				DEBUG_INFORMATION_FORMAT = dwarf;
				ENABLE_STRICT_OBJC_MSGSEND = YES;
				ENABLE_TESTABILITY = YES;
				ENABLE_USER_SCRIPT_SANDBOXING = YES;
				GCC_C_LANGUAGE_STANDARD = gnu17;
				GCC_DYNAMIC_NO_PIC = NO;
				GCC_NO_COMMON_BLOCKS = YES;
				GCC_OPTIMIZATION_LEVEL = 0;
				GCC_PREPROCESSOR_DEFINITIONS = (
					"DEBUG=1",
					"$(inherited)",
				);
				GCC_WARN_64_TO_32_BIT_CONVERSION = YES;
				GCC_WARN_ABOUT_RETURN_TYPE = YES_ERROR;
				GCC_WARN_UNDECLARED_SELECTOR = YES;
				GCC_WARN_UNINITIALIZED_AUTOS = YES_AGGRESSIVE;
				GCC_WARN_UNUSED_FUNCTION = YES;
				GCC_WARN_UNUSED_VARIABLE = YES;
				INFOPLIST_KEY_LSApplicationCategoryType = "public.app-category.productivity";
				LOCALIZATION_PREFERS_STRING_CATALOGS = YES;
				MACOSX_DEPLOYMENT_TARGET = 15.0;
				MTL_ENABLE_DEBUG_INFO = INCLUDE_SOURCE;
				MTL_FAST_MATH = YES;
				ONLY_ACTIVE_ARCH = YES;
				SDKROOT = macosx;
				SWIFT_ACTIVE_COMPILATION_CONDITIONS = "DEBUG $(inherited)";
				SWIFT_OPTIMIZATION_LEVEL = "-Onone";
			};
			name = Debug;
		};
		25805B152CAF5792005E7456 /* Release */ = {
			isa = XCBuildConfiguration;
			buildSettings = {
				ALWAYS_SEARCH_USER_PATHS = NO;
				ASSETCATALOG_COMPILER_GENERATE_SWIFT_ASSET_SYMBOL_EXTENSIONS = YES;
				CLANG_ANALYZER_NONNULL = YES;
				CLANG_ANALYZER_NUMBER_OBJECT_CONVERSION = YES_AGGRESSIVE;
				CLANG_CXX_LANGUAGE_STANDARD = "gnu++20";
				CLANG_ENABLE_MODULES = YES;
				CLANG_ENABLE_OBJC_ARC = YES;
				CLANG_ENABLE_OBJC_WEAK = YES;
				CLANG_WARN_BLOCK_CAPTURE_AUTORELEASING = YES;
				CLANG_WARN_BOOL_CONVERSION = YES;
				CLANG_WARN_COMMA = YES;
				CLANG_WARN_CONSTANT_CONVERSION = YES;
				CLANG_WARN_DEPRECATED_OBJC_IMPLEMENTATIONS = YES;
				CLANG_WARN_DIRECT_OBJC_ISA_USAGE = YES_ERROR;
				CLANG_WARN_DOCUMENTATION_COMMENTS = YES;
				CLANG_WARN_EMPTY_BODY = YES;
				CLANG_WARN_ENUM_CONVERSION = YES;
				CLANG_WARN_INFINITE_RECURSION = YES;
				CLANG_WARN_INT_CONVERSION = YES;
				CLANG_WARN_NON_LITERAL_NULL_CONVERSION = YES;
				CLANG_WARN_OBJC_IMPLICIT_RETAIN_SELF = YES;
				CLANG_WARN_OBJC_LITERAL_CONVERSION = YES;
				CLANG_WARN_OBJC_ROOT_CLASS = YES_ERROR;
				CLANG_WARN_QUOTED_INCLUDE_IN_FRAMEWORK_HEADER = YES;
				CLANG_WARN_RANGE_LOOP_ANALYSIS = YES;
				CLANG_WARN_STRICT_PROTOTYPES = YES;
				CLANG_WARN_SUSPICIOUS_MOVE = YES;
				CLANG_WARN_UNGUARDED_AVAILABILITY = YES_AGGRESSIVE;
				CLANG_WARN_UNREACHABLE_CODE = YES;
				CLANG_WARN__DUPLICATE_METHOD_MATCH = YES;
				COPY_PHASE_STRIP = NO;
				DEBUG_INFORMATION_FORMAT = "dwarf-with-dsym";
				ENABLE_NS_ASSERTIONS = NO;
				ENABLE_STRICT_OBJC_MSGSEND = YES;
				ENABLE_USER_SCRIPT_SANDBOXING = YES;
				GCC_C_LANGUAGE_STANDARD = gnu17;
				GCC_NO_COMMON_BLOCKS = YES;
				GCC_WARN_64_TO_32_BIT_CONVERSION = YES;
				GCC_WARN_ABOUT_RETURN_TYPE = YES_ERROR;
				GCC_WARN_UNDECLARED_SELECTOR = YES;
				GCC_WARN_UNINITIALIZED_AUTOS = YES_AGGRESSIVE;
				GCC_WARN_UNUSED_FUNCTION = YES;
				GCC_WARN_UNUSED_VARIABLE = YES;
				INFOPLIST_KEY_LSApplicationCategoryType = "public.app-category.productivity";
				LOCALIZATION_PREFERS_STRING_CATALOGS = YES;
				MACOSX_DEPLOYMENT_TARGET = 15.0;
				MTL_ENABLE_DEBUG_INFO = NO;
				MTL_FAST_MATH = YES;
				SDKROOT = macosx;
				SWIFT_COMPILATION_MODE = wholemodule;
			};
			name = Release;
		};
		25805B172CAF5792005E7456 /* Debug */ = {
			isa = XCBuildConfiguration;
			buildSettings = {
				ASSETCATALOG_COMPILER_APPICON_NAME = AppIcon;
				ASSETCATALOG_COMPILER_GLOBAL_ACCENT_COLOR_NAME = AccentColor;
				ASSETCATALOG_COMPILER_INCLUDE_ALL_APPICON_ASSETS = YES;
				CODE_SIGN_ENTITLEMENTS = 42Summaries/42Summaries.entitlements;
				"CODE_SIGN_IDENTITY[sdk=macosx*]" = "Apple Development";
				CODE_SIGN_STYLE = Automatic;
				COMBINE_HIDPI_IMAGES = YES;
				CURRENT_PROJECT_VERSION = 20241104010;
				DEVELOPMENT_ASSET_PATHS = "";
				DEVELOPMENT_TEAM = 35BFRZZ32B;
				ENABLE_HARDENED_RUNTIME = YES;
				ENABLE_PREVIEWS = YES;
				GENERATE_INFOPLIST_FILE = YES;
				INFOPLIST_FILE = "42Summaries-Info.plist";
				INFOPLIST_KEY_CFBundleDisplayName = 42Summaries;
				INFOPLIST_KEY_LSApplicationCategoryType = "public.app-category.productivity";
				INFOPLIST_KEY_MetalCaptureEnabled = YES;
				INFOPLIST_KEY_NSDocumentsFolderUsageDescription = "42Summaries needs access to your Documents folder to read and write audio and video files for transcription and summarization.";
				INFOPLIST_KEY_NSHumanReadableCopyright = "";
				INFOPLIST_KEY_NSSpeechRecognitionUsageDescription = "This app uses speech recognition to transcribe audio files.";
				LD_RUNPATH_SEARCH_PATHS = (
					"$(inherited)",
					"@executable_path/../Frameworks",
				);
				MACOSX_DEPLOYMENT_TARGET = 15.0;
				MARKETING_VERSION = 1.1.1;
				PRODUCT_BUNDLE_IDENTIFIER = tech.postrausch.42Summaries;
				PRODUCT_NAME = "$(TARGET_NAME)";
				SWIFT_EMIT_LOC_STRINGS = YES;
				SWIFT_VERSION = 5.0;
			};
			name = Debug;
		};
		25805B182CAF5792005E7456 /* Release */ = {
			isa = XCBuildConfiguration;
			buildSettings = {
				ASSETCATALOG_COMPILER_APPICON_NAME = AppIcon;
				ASSETCATALOG_COMPILER_GLOBAL_ACCENT_COLOR_NAME = AccentColor;
				ASSETCATALOG_COMPILER_INCLUDE_ALL_APPICON_ASSETS = YES;
				CODE_SIGN_ENTITLEMENTS = 42Summaries/42Summaries.entitlements;
				"CODE_SIGN_IDENTITY[sdk=macosx*]" = "Apple Development";
				CODE_SIGN_STYLE = Automatic;
				COMBINE_HIDPI_IMAGES = YES;
				CURRENT_PROJECT_VERSION = 20241104010;
				DEVELOPMENT_ASSET_PATHS = "";
				DEVELOPMENT_TEAM = 35BFRZZ32B;
				ENABLE_HARDENED_RUNTIME = YES;
				ENABLE_PREVIEWS = YES;
				GENERATE_INFOPLIST_FILE = YES;
				INFOPLIST_FILE = "42Summaries-Info.plist";
				INFOPLIST_KEY_CFBundleDisplayName = 42Summaries;
				INFOPLIST_KEY_LSApplicationCategoryType = "public.app-category.productivity";
				INFOPLIST_KEY_MetalCaptureEnabled = YES;
				INFOPLIST_KEY_NSDocumentsFolderUsageDescription = "42Summaries needs access to your Documents folder to read and write audio and video files for transcription and summarization.";
				INFOPLIST_KEY_NSHumanReadableCopyright = "";
				INFOPLIST_KEY_NSSpeechRecognitionUsageDescription = "This app uses speech recognition to transcribe audio files.";
				LD_RUNPATH_SEARCH_PATHS = (
					"$(inherited)",
					"@executable_path/../Frameworks",
				);
				MACOSX_DEPLOYMENT_TARGET = 15.0;
				MARKETING_VERSION = 1.1.1;
				PRODUCT_BUNDLE_IDENTIFIER = tech.postrausch.42Summaries;
				PRODUCT_NAME = "$(TARGET_NAME)";
				SWIFT_EMIT_LOC_STRINGS = YES;
				SWIFT_VERSION = 5.0;
			};
			name = Release;
		};
/* End XCBuildConfiguration section */

/* Begin XCConfigurationList section */
		25805B022CAF5791005E7456 /* Build configuration list for PBXProject "42Summaries" */ = {
			isa = XCConfigurationList;
			buildConfigurations = (
				25805B142CAF5792005E7456 /* Debug */,
				25805B152CAF5792005E7456 /* Release */,
			);
			defaultConfigurationIsVisible = 0;
			defaultConfigurationName = Release;
		};
		25805B162CAF5792005E7456 /* Build configuration list for PBXNativeTarget "42Summaries" */ = {
			isa = XCConfigurationList;
			buildConfigurations = (
				25805B172CAF5792005E7456 /* Debug */,
				25805B182CAF5792005E7456 /* Release */,
			);
			defaultConfigurationIsVisible = 0;
			defaultConfigurationName = Release;
		};
/* End XCConfigurationList section */

/* Begin XCRemoteSwiftPackageReference section */
		250E61B82CB59E33002E48AB /* XCRemoteSwiftPackageReference "OllamaKit" */ = {
			isa = XCRemoteSwiftPackageReference;
			repositoryURL = "https://github.com/kevinhermawan/OllamaKit.git";
			requirement = {
				kind = upToNextMajorVersion;
				minimumVersion = 5.0.5;
			};
		};
		257500992CB9DF2F00CAD5B9 /* XCRemoteSwiftPackageReference "WhisperKit" */ = {
			isa = XCRemoteSwiftPackageReference;
			repositoryURL = "https://github.com/argmaxinc/WhisperKit";
			requirement = {
				kind = exactVersion;
				version = 0.9.0;
			};
		};
		257500BD2CBC5F6E00CAD5B9 /* XCRemoteSwiftPackageReference "swift-llm-chat-openai" */ = {
			isa = XCRemoteSwiftPackageReference;
			repositoryURL = "https://github.com/kevinhermawan/swift-llm-chat-openai.git";
			requirement = {
				kind = upToNextMajorVersion;
				minimumVersion = 1.0.2;
			};
		};
		257500C02CBC5FA700CAD5B9 /* XCRemoteSwiftPackageReference "swift-llm-chat-anthropic" */ = {
			isa = XCRemoteSwiftPackageReference;
			repositoryURL = "https://github.com/kevinhermawan/swift-llm-chat-anthropic";
			requirement = {
				kind = upToNextMajorVersion;
				minimumVersion = 1.0.0;
			};
		};
		25DC96B92CCD492C0057A4BB /* XCRemoteSwiftPackageReference "swift-ai-model-retriever" */ = {
			isa = XCRemoteSwiftPackageReference;
			repositoryURL = "https://github.com/kevinhermawan/swift-ai-model-retriever";
			requirement = {
				kind = upToNextMajorVersion;
				minimumVersion = 1.0.2;
			};
		};
		25DC96FC2CCDBDEC0057A4BB /* XCRemoteSwiftPackageReference "swift-markdown-ui" */ = {
			isa = XCRemoteSwiftPackageReference;
			repositoryURL = "https://github.com/gonzalezreal/swift-markdown-ui";
			requirement = {
				kind = upToNextMajorVersion;
				minimumVersion = 2.4.1;
			};
		};
		25DC97272CD0464D0057A4BB /* XCRemoteSwiftPackageReference "microsoft-authentication-library-for-objc" */ = {
			isa = XCRemoteSwiftPackageReference;
			repositoryURL = "https://github.com/AzureAD/microsoft-authentication-library-for-objc";
			requirement = {
				kind = upToNextMajorVersion;
				minimumVersion = 1.6.1;
			};
		};
/* End XCRemoteSwiftPackageReference section */

/* Begin XCSwiftPackageProductDependency section */
		250E61B92CB59E33002E48AB /* OllamaKit */ = {
			isa = XCSwiftPackageProductDependency;
			package = 250E61B82CB59E33002E48AB /* XCRemoteSwiftPackageReference "OllamaKit" */;
			productName = OllamaKit;
		};
		2575009A2CB9DF2F00CAD5B9 /* WhisperKit */ = {
			isa = XCSwiftPackageProductDependency;
			package = 257500992CB9DF2F00CAD5B9 /* XCRemoteSwiftPackageReference "WhisperKit" */;
			productName = WhisperKit;
		};
		257500BE2CBC5F6E00CAD5B9 /* LLMChatOpenAI */ = {
			isa = XCSwiftPackageProductDependency;
			package = 257500BD2CBC5F6E00CAD5B9 /* XCRemoteSwiftPackageReference "swift-llm-chat-openai" */;
			productName = LLMChatOpenAI;
		};
		257500C12CBC5FA700CAD5B9 /* LLMChatAnthropic */ = {
			isa = XCSwiftPackageProductDependency;
			package = 257500C02CBC5FA700CAD5B9 /* XCRemoteSwiftPackageReference "swift-llm-chat-anthropic" */;
			productName = LLMChatAnthropic;
		};
		25DC96BA2CCD492C0057A4BB /* AIModelRetriever */ = {
			isa = XCSwiftPackageProductDependency;
			package = 25DC96B92CCD492C0057A4BB /* XCRemoteSwiftPackageReference "swift-ai-model-retriever" */;
			productName = AIModelRetriever;
		};
		25DC96FD2CCDBDEC0057A4BB /* MarkdownUI */ = {
			isa = XCSwiftPackageProductDependency;
			package = 25DC96FC2CCDBDEC0057A4BB /* XCRemoteSwiftPackageReference "swift-markdown-ui" */;
			productName = MarkdownUI;
		};
		25DC97282CD0464D0057A4BB /* MSAL */ = {
			isa = XCSwiftPackageProductDependency;
			package = 25DC97272CD0464D0057A4BB /* XCRemoteSwiftPackageReference "microsoft-authentication-library-for-objc" */;
			productName = MSAL;
		};
/* End XCSwiftPackageProductDependency section */
	};
	rootObject = 25805AFF2CAF5791005E7456 /* Project object */;
}
