{
  "originHash" : "d3e117fda5da21a2c20e8ddbbec1223997617a22311d6afc93321423239cffd1",
  "pins" : [
    {
      "identity" : "ollamakit",
      "kind" : "remoteSourceControl",
      "location" : "https://github.com/kevinhermawan/OllamaKit.git",
      "state" : {
        "revision" : "f947524e08fa8b0ddb875834a81ed7b4cf9ea23a",
        "version" : "5.0.5"
      }
    },
    {
      "identity" : "swift-argument-parser",
      "kind" : "remoteSourceControl",
      "location" : "https://github.com/apple/swift-argument-parser.git",
      "state" : {
        "revision" : "c8ed701b513cf5177118a175d85fbbbcd707ab41",
        "version" : "1.3.0"
      }
    },
    {
      "identity" : "swift-json-schema",
      "kind" : "remoteSourceControl",
      "location" : "https://github.com/kevinhermawan/swift-json-schema.git",
      "state" : {
        "revision" : "48cade5fb09c6fdc86adcf9af7e43a2c7582a65a",
        "version" : "1.0.3"
      }
    },
    {
      "identity" : "swift-llm-chat-anthropic",
      "kind" : "remoteSourceControl",
      "location" : "https://github.com/kevinhermawan/swift-llm-chat-anthropic",
      "state" : {
        "revision" : "d18262962edf7d8e55782b7b637db9162f59664a",
        "version" : "1.0.0"
      }
    },
    {
      "identity" : "swift-llm-chat-openai",
      "kind" : "remoteSourceControl",
      "location" : "https://github.com/kevinhermawan/swift-llm-chat-openai.git",
      "state" : {
        "revision" : "10d75d74106bb5495a51140b683c06b7195e2357",
        "version" : "1.0.2"
      }
    },
    {
      "identity" : "swift-transformers",
      "kind" : "remoteSourceControl",
      "location" : "https://github.com/huggingface/swift-transformers.git",
      "state" : {
        "revision" : "fc6543263e4caed9bf6107466d625cfae9357f08",
        "version" : "0.1.8"
      }
    },
    {
      "identity" : "whisperkit",
      "kind" : "remoteSourceControl",
      "location" : "https://github.com/argmaxinc/WhisperKit",
      "state" : {
        "revision" : "a8a40c9444ae4e7263bd41e5e60b35a92e2cbba3",
        "version" : "0.9.0"
      }
    }
  ],
  "version" : 3
}
