{
  "originHash" : "abbe3fd56d8148eed5c6b499b2b4d8608e4f60ceb73c8b194b01f4a4cddb18c0",
  "pins" : [
    {
      "identity" : "networkimage",
      "kind" : "remoteSourceControl",
      "location" : "https://github.com/gonzalezreal/NetworkImage",
      "state" : {
        "revision" : "2849f5323265386e200484b0d0f896e73c3411b9",
        "version" : "6.0.1"
      }
    },
    {
      "identity" : "ollamakit",
      "kind" : "remoteSourceControl",
      "location" : "https://github.com/kevinhermawan/OllamaKit.git",
      "state" : {
        "revision" : "f947524e08fa8b0ddb875834a81ed7b4cf9ea23a",
        "version" : "5.0.5"
      }
    },
    {
      "identity" : "swift-ai-model-retriever",
      "kind" : "remoteSourceControl",
      "location" : "https://github.com/kevinhermawan/swift-ai-model-retriever",
      "state" : {
        "revision" : "585de8246341cf0b715357ecfd57c20aea52545c",
        "version" : "1.0.2"
      }
    },
    {
      "identity" : "swift-argument-parser",
      "kind" : "remoteSourceControl",
      "location" : "https://github.com/apple/swift-argument-parser.git",
      "state" : {
        "revision" : "c8ed701b513cf5177118a175d85fbbbcd707ab41",
        "version" : "1.3.0"
      }
    },
    {
      "identity" : "swift-cmark",
      "kind" : "remoteSourceControl",
      "location" : "https://github.com/swiftlang/swift-cmark",
      "state" : {
        "revision" : "3ccff77b2dc5b96b77db3da0d68d28068593fa53",
        "version" : "0.5.0"
      }
    },
    {
      "identity" : "swift-json-schema",
      "kind" : "remoteSourceControl",
      "location" : "https://github.com/kevinhermawan/swift-json-schema.git",
      "state" : {
        "revision" : "48cade5fb09c6fdc86adcf9af7e43a2c7582a65a",
        "version" : "1.0.3"
      }
    },
    {
      "identity" : "swift-llm-chat-anthropic",
      "kind" : "remoteSourceControl",
      "location" : "https://github.com/kevinhermawan/swift-llm-chat-anthropic",
      "state" : {
        "revision" : "8c2479aa80f3398a795bd70bafb416de54d314ca",
        "version" : "1.1.0"
      }
    },
    {
      "identity" : "swift-llm-chat-openai",
      "kind" : "remoteSourceControl",
      "location" : "https://github.com/kevinhermawan/swift-llm-chat-openai.git",
      "state" : {
        "revision" : "b001a11cbbace1be95a63c0605c7571c64fce4a7",
        "version" : "1.1.2"
      }
    },
    {
      "identity" : "swift-markdown-ui",
      "kind" : "remoteSourceControl",
      "location" : "https://github.com/gonzalezreal/swift-markdown-ui",
      "state" : {
        "revision" : "5f613358148239d0292c0cef674a3c2314737f9e",
        "version" : "2.4.1"
      }
    },
    {
      "identity" : "swift-transformers",
      "kind" : "remoteSourceControl",
      "location" : "https://github.com/huggingface/swift-transformers.git",
      "state" : {
        "revision" : "fc6543263e4caed9bf6107466d625cfae9357f08",
        "version" : "0.1.8"
      }
    },
    {
      "identity" : "whisperkit",
      "kind" : "remoteSourceControl",
      "location" : "https://github.com/argmaxinc/WhisperKit",
      "state" : {
        "revision" : "a8a40c9444ae4e7263bd41e5e60b35a92e2cbba3",
        "version" : "0.9.0"
      }
    }
  ],
  "version" : 3
}
